github.com/ByronRamos94/go-test v0.0.0-20230809232748-5ef85512941e h1:9JyxngDb1qS2Vs/+oz9dp3OlM2OsLr0JgZsIINHnD24=
github.com/ByronRamos94/go-test v0.0.0-20230809232748-5ef85512941e/go.mod h1:NmY9wP2mJccNNmW+2tW4EqDgMTQcCMnmAD7BCQ/ReH4=
github.com/nestor94/helloplatzimod v0.0.0-20210513193648-65ad9a6e553e h1:xrngQCvHdc5a1rlivJ26L2/A7IxPYZo7vD8vaqb4wdA=
github.com/nestor94/helloplatzimod v0.0.0-20210513193648-65ad9a6e553e/go.mod h1:T+9lOSnwk/xf65MhjElZAWSr3vHhcZIxDnns+ELCtSE=
